<?xml version="1.0" encoding="utf-8"?>
<Project ToolsVersion="4.0" xmlns="http://schemas.microsoft.com/developer/msbuild/2003">
  <ItemGroup>
    <Filter Include="头文件">
      <UniqueIdentifier>{93995380-89BD-4b04-88EB-625FBE52EBFB}</UniqueIdentifier>
      <Extensions>h;hh;hpp;hxx;hm;inl;inc;xsd</Extensions>
    </Filter>
    <Filter Include="资源文件">
      <UniqueIdentifier>{67DA6AB6-F800-4c08-8B7A-83BB121AAD01}</UniqueIdentifier>
      <Extensions>rc;ico;cur;bmp;dlg;rc2;rct;bin;rgs;gif;jpg;jpeg;jpe;resx;tiff;tif;png;wav;mfcribbon-ms</Extensions>
    </Filter>
    <Filter Include="src">
      <UniqueIdentifier>{4FC737F1-C7A5-4376-A066-2A32D752A2FF}</UniqueIdentifier>
      <Extensions>cpp;c;cc;cxx;def;odl;idl;hpj;bat;asm;asmx</Extensions>
    </Filter>
  </ItemGroup>
  <ItemGroup>
    <ClInclude Include="..\..\..\external\rapidjson\allocators.h">
      <Filter>头文件</Filter>
    </ClInclude>
    <ClInclude Include="..\..\..\external\rapidjson\cursorstreamwrapper.h">
      <Filter>头文件</Filter>
    </ClInclude>
    <ClInclude Include="..\..\..\external\rapidjson\document.h">
      <Filter>头文件</Filter>
    </ClInclude>
    <ClInclude Include="..\..\..\external\rapidjson\encodedstream.h">
      <Filter>头文件</Filter>
    </ClInclude>
    <ClInclude Include="..\..\..\external\rapidjson\encodings.h">
      <Filter>头文件</Filter>
    </ClInclude>
    <ClInclude Include="..\..\..\external\rapidjson\error\en.h">
      <Filter>头文件</Filter>
    </ClInclude>
    <ClInclude Include="..\..\..\external\rapidjson\error\error.h">
      <Filter>头文件</Filter>
    </ClInclude>
    <ClInclude Include="..\..\..\external\rapidjson\filereadstream.h">
      <Filter>头文件</Filter>
    </ClInclude>
    <ClInclude Include="..\..\..\external\rapidjson\filewritestream.h">
      <Filter>头文件</Filter>
    </ClInclude>
    <ClInclude Include="..\..\..\external\rapidjson\fwd.h">
      <Filter>头文件</Filter>
    </ClInclude>
    <ClInclude Include="..\..\..\external\rapidjson\internal\biginteger.h">
      <Filter>头文件</Filter>
    </ClInclude>
    <ClInclude Include="..\..\..\external\rapidjson\internal\diyfp.h">
      <Filter>头文件</Filter>
    </ClInclude>
    <ClInclude Include="..\..\..\external\rapidjson\internal\dtoa.h">
      <Filter>头文件</Filter>
    </ClInclude>
    <ClInclude Include="..\..\..\external\rapidjson\internal\ieee754.h">
      <Filter>头文件</Filter>
    </ClInclude>
    <ClInclude Include="..\..\..\external\rapidjson\internal\itoa.h">
      <Filter>头文件</Filter>
    </ClInclude>
    <ClInclude Include="..\..\..\external\rapidjson\internal\meta.h">
      <Filter>头文件</Filter>
    </ClInclude>
    <ClInclude Include="..\..\..\external\rapidjson\internal\pow10.h">
      <Filter>头文件</Filter>
    </ClInclude>
    <ClInclude Include="..\..\..\external\rapidjson\internal\regex.h">
      <Filter>头文件</Filter>
    </ClInclude>
    <ClInclude Include="..\..\..\external\rapidjson\internal\stack.h">
      <Filter>头文件</Filter>
    </ClInclude>
    <ClInclude Include="..\..\..\external\rapidjson\internal\strfunc.h">
      <Filter>头文件</Filter>
    </ClInclude>
    <ClInclude Include="..\..\..\external\rapidjson\internal\strtod.h">
      <Filter>头文件</Filter>
    </ClInclude>
    <ClInclude Include="..\..\..\external\rapidjson\internal\swap.h">
      <Filter>头文件</Filter>
    </ClInclude>
    <ClInclude Include="..\..\..\external\rapidjson\istreamwrapper.h">
      <Filter>头文件</Filter>
    </ClInclude>
    <ClInclude Include="..\..\..\external\rapidjson\memorybuffer.h">
      <Filter>头文件</Filter>
    </ClInclude>
    <ClInclude Include="..\..\..\external\rapidjson\memorystream.h">
      <Filter>头文件</Filter>
    </ClInclude>
    <ClInclude Include="..\..\..\external\rapidjson\msinttypes\inttypes.h">
      <Filter>头文件</Filter>
    </ClInclude>
    <ClInclude Include="..\..\..\external\rapidjson\msinttypes\stdint.h">
      <Filter>头文件</Filter>
    </ClInclude>
    <ClInclude Include="..\..\..\external\rapidjson\ostreamwrapper.h">
      <Filter>头文件</Filter>
    </ClInclude>
    <ClInclude Include="..\..\..\external\rapidjson\pointer.h">
      <Filter>头文件</Filter>
    </ClInclude>
    <ClInclude Include="..\..\..\external\rapidjson\prettywriter.h">
      <Filter>头文件</Filter>
    </ClInclude>
    <ClInclude Include="..\..\..\external\rapidjson\rapidjson.h">
      <Filter>头文件</Filter>
    </ClInclude>
    <ClInclude Include="..\..\..\external\rapidjson\reader.h">
      <Filter>头文件</Filter>
    </ClInclude>
    <ClInclude Include="..\..\..\external\rapidjson\schema.h">
      <Filter>头文件</Filter>
    </ClInclude>
    <ClInclude Include="..\..\..\external\rapidjson\stream.h">
      <Filter>头文件</Filter>
    </ClInclude>
    <ClInclude Include="..\..\..\external\rapidjson\stringbuffer.h">
      <Filter>头文件</Filter>
    </ClInclude>
    <ClInclude Include="..\..\..\external\rapidjson\writer.h">
      <Filter>头文件</Filter>
    </ClInclude>
    <ClInclude Include="..\..\src\EventDispatcher.h">
      <Filter>src</Filter>
    </ClInclude>
    <ClInclude Include="..\..\src\GameUtil.h">
      <Filter>src</Filter>
    </ClInclude>
    <ClInclude Include="..\..\src\NetworkManager.h">
      <Filter>src</Filter>
    </ClInclude>
    <ClInclude Include="..\..\src\ProtocalManager.h">
      <Filter>src</Filter>
    </ClInclude>
    <ClInclude Include="..\..\src\GameLua.h">
      <Filter>src</Filter>
    </ClInclude>
    <ClInclude Include="..\..\src\Ref.h">
      <Filter>src</Filter>
    </ClInclude>
    <ClInclude Include="..\..\src\LuaWrapper.h">
      <Filter>src</Filter>
    </ClInclude>
    <ClInclude Include="..\..\src\Connection.h">
      <Filter>src</Filter>
    </ClInclude>
  </ItemGroup>
  <ItemGroup>
    <ClCompile Include="..\..\src\main.cpp">
      <Filter>src</Filter>
    </ClCompile>
    <ClCompile Include="..\..\..\external\pbc\binding\lua53\pbc-lua53.c">
      <Filter>src</Filter>
    </ClCompile>
    <ClCompile Include="..\..\src\EventDispatcher.cpp">
      <Filter>src</Filter>
    </ClCompile>
    <ClCompile Include="..\..\src\GameUtil.cpp">
      <Filter>src</Filter>
    </ClCompile>
    <ClCompile Include="..\..\src\NetworkManager.cpp">
      <Filter>src</Filter>
    </ClCompile>
    <ClCompile Include="..\..\src\ProtocalManager.cpp">
      <Filter>src</Filter>
    </ClCompile>
    <ClCompile Include="..\..\src\GameLua.cpp">
      <Filter>src</Filter>
    </ClCompile>
    <ClCompile Include="..\..\src\Ref.cpp">
      <Filter>src</Filter>
    </ClCompile>
    <ClCompile Include="..\..\src\Connection.cpp">
      <Filter>src</Filter>
    </ClCompile>
  </ItemGroup>
</Project>